// !$*UTF8*$!
{
	archiveVersion = 1;
	classes = {
	};
	objectVersion = 46;
	objects = {

/* Begin PBXBuildFile section */
		A8DDBB6B1F472A0E00AD4299 /* RNLeanplum.m in Sources */ = {isa = PBXBuildFile; fileRef = A8DDBB6A1F472A0E00AD4299 /* RNLeanplum.m */; };
		F94B7DF421652665001A2869 /* RNLPInboxMessage.m in Sources */ = {isa = PBXBuildFile; fileRef = F94B7DF021652664001A2869 /* RNLPInboxMessage.m */; };
		F94B7DF521652665001A2869 /* RNLPInbox.m in Sources */ = {isa = PBXBuildFile; fileRef = F94B7DF321652664001A2869 /* RNLPInbox.m */; };
		F94B7DF82165266A001A2869 /* LPInboxMessage+RNAdditions.m in Sources */ = {isa = PBXBuildFile; fileRef = F94B7DF62165266A001A2869 /* LPInboxMessage+RNAdditions.m */; };
/* End PBXBuildFile section */

/* Begin PBXCopyFilesBuildPhase section */
		A8DDBB641F472A0E00AD4299 /* CopyFiles */ = {
			isa = PBXCopyFilesBuildPhase;
			buildActionMask = 2147483647;
			dstPath = "include/$(PRODUCT_NAME)";
			dstSubfolderSpec = 10;
			files = (
			);
			runOnlyForDeploymentPostprocessing = 0;
		};
/* End PBXCopyFilesBuildPhase section */

/* Begin PBXFileReference section */
		A8DDBB661F472A0E00AD4299 /* libRNLeanplum.a */ = {isa = PBXFileReference; explicitFileType = archive.ar; includeInIndex = 0; path = libRNLeanplum.a; sourceTree = BUILT_PRODUCTS_DIR; };
		A8DDBB691F472A0E00AD4299 /* RNLeanplum.h */ = {isa = PBXFileReference; lastKnownFileType = sourcecode.c.h; path = RNLeanplum.h; sourceTree = "<group>"; };
		A8DDBB6A1F472A0E00AD4299 /* RNLeanplum.m */ = {isa = PBXFileReference; lastKnownFileType = sourcecode.c.objc; path = RNLeanplum.m; sourceTree = "<group>"; };
		F94B7DF021652664001A2869 /* RNLPInboxMessage.m */ = {isa = PBXFileReference; fileEncoding = 4; lastKnownFileType = sourcecode.c.objc; path = RNLPInboxMessage.m; sourceTree = "<group>"; };
		F94B7DF121652664001A2869 /* RNLPInboxMessage.h */ = {isa = PBXFileReference; fileEncoding = 4; lastKnownFileType = sourcecode.c.h; path = RNLPInboxMessage.h; sourceTree = "<group>"; };
		F94B7DF221652664001A2869 /* RNLPInbox.h */ = {isa = PBXFileReference; fileEncoding = 4; lastKnownFileType = sourcecode.c.h; path = RNLPInbox.h; sourceTree = "<group>"; };
		F94B7DF321652664001A2869 /* RNLPInbox.m */ = {isa = PBXFileReference; fileEncoding = 4; lastKnownFileType = sourcecode.c.objc; path = RNLPInbox.m; sourceTree = "<group>"; };
		F94B7DF62165266A001A2869 /* LPInboxMessage+RNAdditions.m */ = {isa = PBXFileReference; fileEncoding = 4; lastKnownFileType = sourcecode.c.objc; path = "LPInboxMessage+RNAdditions.m"; sourceTree = "<group>"; };
		F94B7DF72165266A001A2869 /* LPInboxMessage+RNAdditions.h */ = {isa = PBXFileReference; fileEncoding = 4; lastKnownFileType = sourcecode.c.h; path = "LPInboxMessage+RNAdditions.h"; sourceTree = "<group>"; };
/* End PBXFileReference section */

/* Begin PBXFrameworksBuildPhase section */
		A8DDBB631F472A0E00AD4299 /* Frameworks */ = {
			isa = PBXFrameworksBuildPhase;
			buildActionMask = 2147483647;
			files = (
			);
			runOnlyForDeploymentPostprocessing = 0;
		};
/* End PBXFrameworksBuildPhase section */

/* Begin PBXGroup section */
		A8DDBB5D1F472A0E00AD4299 = {
			isa = PBXGroup;
			children = (
				F94B7DF72165266A001A2869 /* LPInboxMessage+RNAdditions.h */,
				F94B7DF62165266A001A2869 /* LPInboxMessage+RNAdditions.m */,
				A8DDBB691F472A0E00AD4299 /* RNLeanplum.h */,
				A8DDBB6A1F472A0E00AD4299 /* RNLeanplum.m */,
				F94B7DF221652664001A2869 /* RNLPInbox.h */,
				F94B7DF321652664001A2869 /* RNLPInbox.m */,
				F94B7DF121652664001A2869 /* RNLPInboxMessage.h */,
				F94B7DF021652664001A2869 /* RNLPInboxMessage.m */,
				A8DDBB671F472A0E00AD4299 /* Products */,
			);
			sourceTree = "<group>";
		};
		A8DDBB671F472A0E00AD4299 /* Products */ = {
			isa = PBXGroup;
			children = (
				A8DDBB661F472A0E00AD4299 /* libRNLeanplum.a */,
			);
			name = Products;
			sourceTree = "<group>";
		};
/* End PBXGroup section */

/* Begin PBXNativeTarget section */
		A8DDBB651F472A0E00AD4299 /* RNLeanplum */ = {
			isa = PBXNativeTarget;
			buildConfigurationList = A8DDBB6F1F472A0E00AD4299 /* Build configuration list for PBXNativeTarget "RNLeanplum" */;
			buildPhases = (
				A8DDBB621F472A0E00AD4299 /* Sources */,
				A8DDBB631F472A0E00AD4299 /* Frameworks */,
				A8DDBB641F472A0E00AD4299 /* CopyFiles */,
			);
			buildRules = (
			);
			dependencies = (
			);
			name = RNLeanplum;
			productName = RNLeanplum;
			productReference = A8DDBB661F472A0E00AD4299 /* libRNLeanplum.a */;
			productType = "com.apple.product-type.library.static";
		};
/* End PBXNativeTarget section */

/* Begin PBXProject section */
		A8DDBB5E1F472A0E00AD4299 /* Project object */ = {
			isa = PBXProject;
			attributes = {
				LastUpgradeCheck = 0830;
				ORGANIZATIONNAME = "Branding Brand";
				TargetAttributes = {
					A8DDBB651F472A0E00AD4299 = {
						CreatedOnToolsVersion = 8.3.3;
						DevelopmentTeam = M8P76H2RNY;
						ProvisioningStyle = Automatic;
					};
				};
			};
			buildConfigurationList = A8DDBB611F472A0E00AD4299 /* Build configuration list for PBXProject "RNLeanplum" */;
			compatibilityVersion = "Xcode 3.2";
			developmentRegion = English;
			hasScannedForEncodings = 0;
			knownRegions = (
				en,
			);
			mainGroup = A8DDBB5D1F472A0E00AD4299;
			productRefGroup = A8DDBB671F472A0E00AD4299 /* Products */;
			projectDirPath = "";
			projectRoot = "";
			targets = (
				A8DDBB651F472A0E00AD4299 /* RNLeanplum */,
			);
		};
/* End PBXProject section */

/* Begin PBXSourcesBuildPhase section */
		A8DDBB621F472A0E00AD4299 /* Sources */ = {
			isa = PBXSourcesBuildPhase;
			buildActionMask = 2147483647;
			files = (
				F94B7DF421652665001A2869 /* RNLPInboxMessage.m in Sources */,
				A8DDBB6B1F472A0E00AD4299 /* RNLeanplum.m in Sources */,
				F94B7DF82165266A001A2869 /* LPInboxMessage+RNAdditions.m in Sources */,
				F94B7DF521652665001A2869 /* RNLPInbox.m in Sources */,
			);
			runOnlyForDeploymentPostprocessing = 0;
		};
/* End PBXSourcesBuildPhase section */

/* Begin XCBuildConfiguration section */
		A8DDBB6D1F472A0E00AD4299 /* Debug */ = {
			isa = XCBuildConfiguration;
			buildSettings = {
				ALWAYS_SEARCH_USER_PATHS = NO;
				CLANG_ANALYZER_NONNULL = YES;
				CLANG_ANALYZER_NUMBER_OBJECT_CONVERSION = YES_AGGRESSIVE;
				CLANG_CXX_LANGUAGE_STANDARD = "gnu++0x";
				CLANG_CXX_LIBRARY = "libc++";
				CLANG_ENABLE_MODULES = YES;
				CLANG_ENABLE_OBJC_ARC = YES;
				CLANG_WARN_BOOL_CONVERSION = YES;
				CLANG_WARN_CONSTANT_CONVERSION = YES;
				CLANG_WARN_DIRECT_OBJC_ISA_USAGE = YES_ERROR;
				CLANG_WARN_DOCUMENTATION_COMMENTS = YES;
				CLANG_WARN_EMPTY_BODY = YES;
				CLANG_WARN_ENUM_CONVERSION = YES;
				CLANG_WARN_INFINITE_RECURSION = YES;
				CLANG_WARN_INT_CONVERSION = YES;
				CLANG_WARN_OBJC_ROOT_CLASS = YES_ERROR;
				CLANG_WARN_SUSPICIOUS_MOVE = YES;
				CLANG_WARN_UNREACHABLE_CODE = YES;
				CLANG_WARN__DUPLICATE_METHOD_MATCH = YES;
				"CODE_SIGN_IDENTITY[sdk=iphoneos*]" = "iPhone Developer";
				COPY_PHASE_STRIP = NO;
				DEBUG_INFORMATION_FORMAT = dwarf;
				ENABLE_STRICT_OBJC_MSGSEND = YES;
				ENABLE_TESTABILITY = YES;
				GCC_C_LANGUAGE_STANDARD = gnu99;
				GCC_DYNAMIC_NO_PIC = NO;
				GCC_NO_COMMON_BLOCKS = YES;
				GCC_OPTIMIZATION_LEVEL = 0;
				GCC_PREPROCESSOR_DEFINITIONS = (
					"DEBUG=1",
					"$(inherited)",
				);
				GCC_WARN_64_TO_32_BIT_CONVERSION = YES;
				GCC_WARN_ABOUT_RETURN_TYPE = YES_ERROR;
				GCC_WARN_UNDECLARED_SELECTOR = YES;
				GCC_WARN_UNINITIALIZED_AUTOS = YES_AGGRESSIVE;
				GCC_WARN_UNUSED_FUNCTION = YES;
				GCC_WARN_UNUSED_VARIABLE = YES;
				IPHONEOS_DEPLOYMENT_TARGET = 10.3;
				MTL_ENABLE_DEBUG_INFO = YES;
				ONLY_ACTIVE_ARCH = YES;
				SDKROOT = iphoneos;
			};
			name = Debug;
		};
		A8DDBB6E1F472A0E00AD4299 /* Release */ = {
			isa = XCBuildConfiguration;
			buildSettings = {
				ALWAYS_SEARCH_USER_PATHS = NO;
				CLANG_ANALYZER_NONNULL = YES;
				CLANG_ANALYZER_NUMBER_OBJECT_CONVERSION = YES_AGGRESSIVE;
				CLANG_CXX_LANGUAGE_STANDARD = "gnu++0x";
				CLANG_CXX_LIBRARY = "libc++";
				CLANG_ENABLE_MODULES = YES;
				CLANG_ENABLE_OBJC_ARC = YES;
				CLANG_WARN_BOOL_CONVERSION = YES;
				CLANG_WARN_CONSTANT_CONVERSION = YES;
				CLANG_WARN_DIRECT_OBJC_ISA_USAGE = YES_ERROR;
				CLANG_WARN_DOCUMENTATION_COMMENTS = YES;
				CLANG_WARN_EMPTY_BODY = YES;
				CLANG_WARN_ENUM_CONVERSION = YES;
				CLANG_WARN_INFINITE_RECURSION = YES;
				CLANG_WARN_INT_CONVERSION = YES;
				CLANG_WARN_OBJC_ROOT_CLASS = YES_ERROR;
				CLANG_WARN_SUSPICIOUS_MOVE = YES;
				CLANG_WARN_UNREACHABLE_CODE = YES;
				CLANG_WARN__DUPLICATE_METHOD_MATCH = YES;
				"CODE_SIGN_IDENTITY[sdk=iphoneos*]" = "iPhone Developer";
				COPY_PHASE_STRIP = NO;
				DEBUG_INFORMATION_FORMAT = "dwarf-with-dsym";
				ENABLE_NS_ASSERTIONS = NO;
				ENABLE_STRICT_OBJC_MSGSEND = YES;
				GCC_C_LANGUAGE_STANDARD = gnu99;
				GCC_NO_COMMON_BLOCKS = YES;
				GCC_WARN_64_TO_32_BIT_CONVERSION = YES;
				GCC_WARN_ABOUT_RETURN_TYPE = YES_ERROR;
				GCC_WARN_UNDECLARED_SELECTOR = YES;
				GCC_WARN_UNINITIALIZED_AUTOS = YES_AGGRESSIVE;
				GCC_WARN_UNUSED_FUNCTION = YES;
				GCC_WARN_UNUSED_VARIABLE = YES;
				IPHONEOS_DEPLOYMENT_TARGET = 10.3;
				MTL_ENABLE_DEBUG_INFO = NO;
				SDKROOT = iphoneos;
				VALIDATE_PRODUCT = YES;
			};
			name = Release;
		};
		A8DDBB701F472A0E00AD4299 /* Debug */ = {
			isa = XCBuildConfiguration;
			buildSettings = {
				CLANG_ANALYZER_NONNULL = YES_NONAGGRESSIVE;
				CLANG_ANALYZER_NUMBER_OBJECT_CONVERSION = YES;
				CLANG_WARN_DOCUMENTATION_COMMENTS = NO;
				CLANG_WARN_INFINITE_RECURSION = NO;
				CLANG_WARN_SUSPICIOUS_MOVE = NO;
				"CODE_SIGN_IDENTITY[sdk=iphoneos*]" = "";
				DEBUG_INFORMATION_FORMAT = "dwarf-with-dsym";
				ENABLE_TESTABILITY = NO;
				GCC_NO_COMMON_BLOCKS = NO;
				HEADER_SEARCH_PATHS = (
					"$(inherited)",
					/Applications/Xcode.app/Contents/Developer/Toolchains/XcodeDefault.xctoolchain/usr/include,
					"$(SRCROOT)/../../../React/**",
					"$(SRCROOT)/../../react-native/React/**",
					"$(SRCROOT)/../../../ios/Pods/**",
				);
				IPHONEOS_DEPLOYMENT_TARGET = 8.0;
				OTHER_LDFLAGS = "-ObjC";
				PRODUCT_NAME = "$(TARGET_NAME)";
				SKIP_INSTALL = YES;
			};
			name = Debug;
		};
		A8DDBB711F472A0E00AD4299 /* Release */ = {
			isa = XCBuildConfiguration;
			buildSettings = {
				CLANG_ANALYZER_NONNULL = YES_NONAGGRESSIVE;
				CLANG_ANALYZER_NUMBER_OBJECT_CONVERSION = YES;
				CLANG_WARN_DOCUMENTATION_COMMENTS = NO;
				CLANG_WARN_INFINITE_RECURSION = NO;
				CLANG_WARN_SUSPICIOUS_MOVE = NO;
				"CODE_SIGN_IDENTITY[sdk=iphoneos*]" = "";
				COPY_PHASE_STRIP = YES;
				DEBUG_INFORMATION_FORMAT = "dwarf-with-dsym";
				ENABLE_TESTABILITY = NO;
				GCC_NO_COMMON_BLOCKS = NO;
				HEADER_SEARCH_PATHS = (
					"$(inherited)",
					/Applications/Xcode.app/Contents/Developer/Toolchains/XcodeDefault.xctoolchain/usr/include,
					"$(SRCROOT)/../../../React/**",
					"$(SRCROOT)/../../react-native/React/**",
					"$(SRCROOT)/../../../ios/Pods/**",
				);
				IPHONEOS_DEPLOYMENT_TARGET = 8.0;
				OTHER_LDFLAGS = "-ObjC";
				PRODUCT_NAME = "$(TARGET_NAME)";
				SKIP_INSTALL = YES;
			};
			name = Release;
		};
/* End XCBuildConfiguration section */

/* Begin XCConfigurationList section */
		A8DDBB611F472A0E00AD4299 /* Build configuration list for PBXProject "RNLeanplum" */ = {
			isa = XCConfigurationList;
			buildConfigurations = (
				A8DDBB6D1F472A0E00AD4299 /* Debug */,
				A8DDBB6E1F472A0E00AD4299 /* Release */,
			);
			defaultConfigurationIsVisible = 0;
			defaultConfigurationName = Release;
		};
		A8DDBB6F1F472A0E00AD4299 /* Build configuration list for PBXNativeTarget "RNLeanplum" */ = {
			isa = XCConfigurationList;
			buildConfigurations = (
				A8DDBB701F472A0E00AD4299 /* Debug */,
				A8DDBB711F472A0E00AD4299 /* Release */,
			);
			defaultConfigurationIsVisible = 0;
			defaultConfigurationName = Release;
		};
/* End XCConfigurationList section */
	};
	rootObject = A8DDBB5E1F472A0E00AD4299 /* Project object */;
}
